{
  "version": "3",
  "redirects": {
    "https://deno.land/std/encoding/hex.ts": "https://deno.land/std@0.203.0/encoding/hex.ts",
    "https://deno.land/std/http/server.ts": "https://deno.land/std@0.203.0/http/server.ts",
    "https://deno.land/x/xml/mod.ts": "https://deno.land/x/xml@2.1.1/mod.ts"
  },
  "remote": {}
}
